
Microsoft Visual Studio Solution File, Format Version 12.00
# Visual Studio Version 17
VisualStudioVersion = 17.4.33205.214
MinimumVisualStudioVersion = 10.0.40219.1
Project("{2150E333-8FDC-42A3-9474-1A3956D46DE8}") = "Examples", "Examples", "{78C89484-425E-4487-916C-6600BCA7DB8A}"
EndProject
Project("{9A19103F-16F7-4668-BE54-9A1E7A4F7556}") = "ClothONNX", "..\ClothONNX\ClothONNX.csproj", "{A2B86360-D75E-4BFB-B99F-71F9D2049015}"
EndProject
Project("{9A19103F-16F7-4668-BE54-9A1E7A4F7556}") = "ClothSegmentation", "ClothSegmentation\ClothSegmentation.csproj", "{A64B527C-0F76-45FE-A4C1-62CB274C6C87}"
EndProject
Project("{9A19103F-16F7-4668-BE54-9A1E7A4F7556}") = "ClothONNX.Gpu", "..\ClothONNX.Gpu\ClothONNX.Gpu.csproj", "{98B8AEF6-696A-41DD-B4E6-C36EFD35C1F8}"
EndProject
Global
	GlobalSection(SolutionConfigurationPlatforms) = preSolution
		Debug|Any CPU = Debug|Any CPU
		Release|Any CPU = Release|Any CPU
	EndGlobalSection
	GlobalSection(ProjectConfigurationPlatforms) = postSolution
		{A2B86360-D75E-4BFB-B99F-71F9D2049015}.Debug|Any CPU.ActiveCfg = Debug|Any CPU
		{A2B86360-D75E-4BFB-B99F-71F9D2049015}.Debug|Any CPU.Build.0 = Debug|Any CPU
		{A2B86360-D75E-4BFB-B99F-71F9D2049015}.Release|Any CPU.ActiveCfg = Release|Any CPU
		{A2B86360-D75E-4BFB-B99F-71F9D2049015}.Release|Any CPU.Build.0 = Release|Any CPU
		{A64B527C-0F76-45FE-A4C1-62CB274C6C87}.Debug|Any CPU.ActiveCfg = Debug|Any CPU
		{A64B527C-0F76-45FE-A4C1-62CB274C6C87}.Debug|Any CPU.Build.0 = Debug|Any CPU
		{A64B527C-0F76-45FE-A4C1-62CB274C6C87}.Release|Any CPU.ActiveCfg = Release|Any CPU
		{A64B527C-0F76-45FE-A4C1-62CB274C6C87}.Release|Any CPU.Build.0 = Release|Any CPU
		{98B8AEF6-696A-41DD-B4E6-C36EFD35C1F8}.Debug|Any CPU.ActiveCfg = Debug|Any CPU
		{98B8AEF6-696A-41DD-B4E6-C36EFD35C1F8}.Debug|Any CPU.Build.0 = Debug|Any CPU
		{98B8AEF6-696A-41DD-B4E6-C36EFD35C1F8}.Release|Any CPU.ActiveCfg = Release|Any CPU
		{98B8AEF6-696A-41DD-B4E6-C36EFD35C1F8}.Release|Any CPU.Build.0 = Release|Any CPU
	EndGlobalSection
	GlobalSection(SolutionProperties) = preSolution
		HideSolutionNode = FALSE
	EndGlobalSection
	GlobalSection(NestedProjects) = preSolution
		{A64B527C-0F76-45FE-A4C1-62CB274C6C87} = {78C89484-425E-4487-916C-6600BCA7DB8A}
	EndGlobalSection
	GlobalSection(ExtensibilityGlobals) = postSolution
		SolutionGuid = {049EC67F-030B-4133-A200-36D943F0FAC6}
	EndGlobalSection
EndGlobal
